<?xml version="1.0" encoding="utf-8"?>
<Project ToolsVersion="4.0" xmlns="http://schemas.microsoft.com/developer/msbuild/2003">
  <ItemGroup>
    <ClCompile Include="Extras\Camera.cpp">
      <Filter>Extras</Filter>
    </ClCompile>
    <ClCompile Include="Extras\GLFontRenderer.cpp">
      <Filter>Extras</Filter>
    </ClCompile>
    <ClCompile Include="Extras\Renderer.cpp">
      <Filter>Extras</Filter>
    </ClCompile>
    <ClCompile Include="GameScene.cpp">
      <Filter>Source Files</Filter>
    </ClCompile>
    <ClCompile Include="PhysicsEngine.cpp">
      <Filter>Source Files</Filter>
    </ClCompile>
    <ClCompile Include="VisualDebugger.cpp">
      <Filter>Source Files</Filter>
    </ClCompile>
    <ClCompile Include="Start.cpp">
      <Filter>Extras</Filter>
    </ClCompile>
  </ItemGroup>
  <ItemGroup>
    <ClInclude Include="Extras\Camera.h">
      <Filter>Extras</Filter>
    </ClInclude>
    <ClInclude Include="Extras\GLFontData.h">
      <Filter>Extras</Filter>
    </ClInclude>
    <ClInclude Include="Extras\GLFontRenderer.h">
      <Filter>Extras</Filter>
    </ClInclude>
    <ClInclude Include="Extras\HUD.h">
      <Filter>Extras</Filter>
    </ClInclude>
    <ClInclude Include="Extras\Renderer.h">
      <Filter>Extras</Filter>
    </ClInclude>
    <ClInclude Include="Extras\UserData.h">
      <Filter>Extras</Filter>
    </ClInclude>
    <ClInclude Include="BasicActors.h">
      <Filter>Header Files</Filter>
    </ClInclude>
    <ClInclude Include="ComplexActors.h">
      <Filter>Header Files</Filter>
    </ClInclude>
    <ClInclude Include="GameScene.h">
      <Filter>Header Files</Filter>
    </ClInclude>
    <ClInclude Include="PhysicsEngine.h">
      <Filter>Header Files</Filter>
    </ClInclude>
    <ClInclude Include="VisualDebugger.h">
      <Filter>Header Files</Filter>
    </ClInclude>
    <ClInclude Include="HighResTimer.h">
      <Filter>Extras</Filter>
    </ClInclude>
    <ClInclude Include="Exception.h">
      <Filter>Extras</Filter>
    </ClInclude>
  </ItemGroup>
  <ItemGroup>
    <Filter Include="Extras">
      <UniqueIdentifier>{99f56abb-1d1d-458d-b2d6-a9f6d6c2bdde}</UniqueIdentifier>
    </Filter>
    <Filter Include="Source Files">
      <UniqueIdentifier>{d3083afd-948b-42e1-95a8-429f1e415958}</UniqueIdentifier>
    </Filter>
    <Filter Include="Header Files">
      <UniqueIdentifier>{2d54ab7f-bf47-417c-966d-f89e85fd09d6}</UniqueIdentifier>
    </Filter>
  </ItemGroup>
</Project>